
Microsoft Visual Studio Solution File, Format Version 12.00
# Visual Studio Version 16
VisualStudioVersion = 16.0.30011.22
MinimumVisualStudioVersion = 10.0.40219.1
Project("{F2A71F9B-5D33-465A-A702-920D77279786}") = "GearCalculator.Console", "GearCalculator\GearCalculator.Console.fsproj", "{6BC59594-6076-4EC3-92E3-7C87155AFB18}"
EndProject
Project("{F2A71F9B-5D33-465A-A702-920D77279786}") = "GearCalculator.Backend", "GearCalculator.Backend\GearCalculator.Backend.fsproj", "{C5EC7F98-3BC0-4AAD-A342-5F787D35097A}"
EndProject
Global
	GlobalSection(SolutionConfigurationPlatforms) = preSolution
		Debug|Any CPU = Debug|Any CPU
		Release|Any CPU = Release|Any CPU
	EndGlobalSection
	GlobalSection(ProjectConfigurationPlatforms) = postSolution
		{6BC59594-6076-4EC3-92E3-7C87155AFB18}.Debug|Any CPU.ActiveCfg = Debug|Any CPU
		{6BC59594-6076-4EC3-92E3-7C87155AFB18}.Debug|Any CPU.Build.0 = Debug|Any CPU
		{6BC59594-6076-4EC3-92E3-7C87155AFB18}.Release|Any CPU.ActiveCfg = Release|Any CPU
		{6BC59594-6076-4EC3-92E3-7C87155AFB18}.Release|Any CPU.Build.0 = Release|Any CPU
		{C5EC7F98-3BC0-4AAD-A342-5F787D35097A}.Debug|Any CPU.ActiveCfg = Debug|Any CPU
		{C5EC7F98-3BC0-4AAD-A342-5F787D35097A}.Debug|Any CPU.Build.0 = Debug|Any CPU
		{C5EC7F98-3BC0-4AAD-A342-5F787D35097A}.Release|Any CPU.ActiveCfg = Release|Any CPU
		{C5EC7F98-3BC0-4AAD-A342-5F787D35097A}.Release|Any CPU.Build.0 = Release|Any CPU
	EndGlobalSection
	GlobalSection(SolutionProperties) = preSolution
		HideSolutionNode = FALSE
	EndGlobalSection
	GlobalSection(ExtensibilityGlobals) = postSolution
		SolutionGuid = {E1CCC01D-ACE8-4063-9201-8A62DB794A37}
	EndGlobalSection
EndGlobal
